// !$*UTF8*$!
{
	archiveVersion = 1;
	classes = {
	};
	objectVersion = 56;
	objects = {

/* Begin PBXBuildFile section */
		00196C062C67F44D00148566 /* HomeView.swift in Sources */ = {isa = PBXBuildFile; fileRef = 00196C052C67F44D00148566 /* HomeView.swift */; };
		00196C082C67F45C00148566 /* HomeViewModel.swift in Sources */ = {isa = PBXBuildFile; fileRef = 00196C072C67F45C00148566 /* HomeViewModel.swift */; };
		00196C0A2C67F4A000148566 /* HomeUIState.swift in Sources */ = {isa = PBXBuildFile; fileRef = 00196C092C67F4A000148566 /* HomeUIState.swift */; };
		00693FA52C65997000F84722 /* HabitApp.swift in Sources */ = {isa = PBXBuildFile; fileRef = 00693FA42C65997000F84722 /* HabitApp.swift */; };
		00693FA92C65997300F84722 /* Assets.xcassets in Resources */ = {isa = PBXBuildFile; fileRef = 00693FA82C65997300F84722 /* Assets.xcassets */; };
		00693FAC2C65997300F84722 /* Preview Assets.xcassets in Resources */ = {isa = PBXBuildFile; fileRef = 00693FAB2C65997300F84722 /* Preview Assets.xcassets */; };
		00693FB62C659B7C00F84722 /* SplashView.swift in Sources */ = {isa = PBXBuildFile; fileRef = 00693FB52C659B7C00F84722 /* SplashView.swift */; };
		00693FB82C659C2300F84722 /* SplashUIState.swift in Sources */ = {isa = PBXBuildFile; fileRef = 00693FB72C659C2300F84722 /* SplashUIState.swift */; };
		00693FBB2C65C35000F84722 /* SplashViewModel.swift in Sources */ = {isa = PBXBuildFile; fileRef = 00693FBA2C65C35000F84722 /* SplashViewModel.swift */; };
		00693FC12C66639400F84722 /* SignInView.swift in Sources */ = {isa = PBXBuildFile; fileRef = 00693FC02C66639400F84722 /* SignInView.swift */; };
		00693FC32C6663EE00F84722 /* SignInViewModel.swift in Sources */ = {isa = PBXBuildFile; fileRef = 00693FC22C6663EE00F84722 /* SignInViewModel.swift */; };
		00693FC52C66654500F84722 /* SignInUIState.swift in Sources */ = {isa = PBXBuildFile; fileRef = 00693FC42C66654500F84722 /* SignInUIState.swift */; };
		00693FC72C666F7E00F84722 /* SplashViewRouter.swift in Sources */ = {isa = PBXBuildFile; fileRef = 00693FC62C666F7E00F84722 /* SplashViewRouter.swift */; };
		00929A762C6AA4DE00F67DB6 /* SignInViewRouter.swift in Sources */ = {isa = PBXBuildFile; fileRef = 00929A752C6AA4DE00F67DB6 /* SignInViewRouter.swift */; };
		00929A7C2C6AD3E500F67DB6 /* SignUpView.swift in Sources */ = {isa = PBXBuildFile; fileRef = 00929A7B2C6AD3E500F67DB6 /* SignUpView.swift */; };
		00929A7E2C6AD44200F67DB6 /* SignUpViewModel.swift in Sources */ = {isa = PBXBuildFile; fileRef = 00929A7D2C6AD44200F67DB6 /* SignUpViewModel.swift */; };
		00929A822C6AEF9D00F67DB6 /* Gender.swift in Sources */ = {isa = PBXBuildFile; fileRef = 00929A812C6AEF9D00F67DB6 /* Gender.swift */; };
		00929A842C6AF7F900F67DB6 /* SignUpUIState.swift in Sources */ = {isa = PBXBuildFile; fileRef = 00929A832C6AF7F900F67DB6 /* SignUpUIState.swift */; };
		00929A862C6AF91300F67DB6 /* SignUpViewRouter.swift in Sources */ = {isa = PBXBuildFile; fileRef = 00929A852C6AF91300F67DB6 /* SignUpViewRouter.swift */; };
		00929A8B2C6D112F00F67DB6 /* EditTextView.swift in Sources */ = {isa = PBXBuildFile; fileRef = 00929A8A2C6D112F00F67DB6 /* EditTextView.swift */; };
		00929A902C6D293B00F67DB6 /* CustomTextFieldStyle.swift in Sources */ = {isa = PBXBuildFile; fileRef = 00929A8F2C6D293B00F67DB6 /* CustomTextFieldStyle.swift */; };
		00929A952C6D3EC300F67DB6 /* String+Extension.swift in Sources */ = {isa = PBXBuildFile; fileRef = 00929A942C6D3EC300F67DB6 /* String+Extension.swift */; };
		00929A972C6D465800F67DB6 /* LoadingButtonView.swift in Sources */ = {isa = PBXBuildFile; fileRef = 00929A962C6D465800F67DB6 /* LoadingButtonView.swift */; };
		00929A9A2C6EF27200F67DB6 /* WebService.swift in Sources */ = {isa = PBXBuildFile; fileRef = 00929A992C6EF27200F67DB6 /* WebService.swift */; };
		00929A9C2C6FBD4300F67DB6 /* SignUpRequest.swift in Sources */ = {isa = PBXBuildFile; fileRef = 00929A9B2C6FBD4300F67DB6 /* SignUpRequest.swift */; };
		00929A9E2C74F54100F67DB6 /* SignUpResponse.swift in Sources */ = {isa = PBXBuildFile; fileRef = 00929A9D2C74F54100F67DB6 /* SignUpResponse.swift */; };
		00929AA02C75039C00F67DB6 /* ErrorResponse.swift in Sources */ = {isa = PBXBuildFile; fileRef = 00929A9F2C75039C00F67DB6 /* ErrorResponse.swift */; };
		00929AA22C752ADE00F67DB6 /* SignInRequest.swift in Sources */ = {isa = PBXBuildFile; fileRef = 00929AA12C752ADE00F67DB6 /* SignInRequest.swift */; };
		00929AA42C752E2600F67DB6 /* SignInResponse.swift in Sources */ = {isa = PBXBuildFile; fileRef = 00929AA32C752E2600F67DB6 /* SignInResponse.swift */; };
		00929AA62C765EB600F67DB6 /* SignInErrorResponse.swift in Sources */ = {isa = PBXBuildFile; fileRef = 00929AA52C765EB600F67DB6 /* SignInErrorResponse.swift */; };
		00929AAD2C792B7000F67DB6 /* SignInInteractor.swift in Sources */ = {isa = PBXBuildFile; fileRef = 00929AAC2C792B7000F67DB6 /* SignInInteractor.swift */; };
		00929AAF2C7D013000F67DB6 /* SignInRemoteDataSource.swift in Sources */ = {isa = PBXBuildFile; fileRef = 00929AAE2C7D013000F67DB6 /* SignInRemoteDataSource.swift */; };
		00929AB52C7FCB9800F67DB6 /* AppError.swift in Sources */ = {isa = PBXBuildFile; fileRef = 00929AB42C7FCB9800F67DB6 /* AppError.swift */; };
		00929AB72C80BE1800F67DB6 /* SignUpInteractor.swift in Sources */ = {isa = PBXBuildFile; fileRef = 00929AB62C80BE1800F67DB6 /* SignUpInteractor.swift */; };
		00929AB92C80C0E900F67DB6 /* SignUpRemoteDataSource.swift in Sources */ = {isa = PBXBuildFile; fileRef = 00929AB82C80C0E900F67DB6 /* SignUpRemoteDataSource.swift */; };
		00929ABB2C80DF6700F67DB6 /* UserAuth.swift in Sources */ = {isa = PBXBuildFile; fileRef = 00929ABA2C80DF6700F67DB6 /* UserAuth.swift */; };
		00929ABE2C80E0C800F67DB6 /* LocalDataSource.swift in Sources */ = {isa = PBXBuildFile; fileRef = 00929ABD2C80E0C800F67DB6 /* LocalDataSource.swift */; };
		00929AC12C814E3800F67DB6 /* SplashInteractor.swift in Sources */ = {isa = PBXBuildFile; fileRef = 00929AC02C814E3800F67DB6 /* SplashInteractor.swift */; };
/* End PBXBuildFile section */

/* Begin PBXFileReference section */
		00196C052C67F44D00148566 /* HomeView.swift */ = {isa = PBXFileReference; lastKnownFileType = sourcecode.swift; path = HomeView.swift; sourceTree = "<group>"; };
		00196C072C67F45C00148566 /* HomeViewModel.swift */ = {isa = PBXFileReference; lastKnownFileType = sourcecode.swift; path = HomeViewModel.swift; sourceTree = "<group>"; };
		00196C092C67F4A000148566 /* HomeUIState.swift */ = {isa = PBXFileReference; lastKnownFileType = sourcecode.swift; path = HomeUIState.swift; sourceTree = "<group>"; };
		00693FA12C65997000F84722 /* Habit.app */ = {isa = PBXFileReference; explicitFileType = wrapper.application; includeInIndex = 0; path = Habit.app; sourceTree = BUILT_PRODUCTS_DIR; };
		00693FA42C65997000F84722 /* HabitApp.swift */ = {isa = PBXFileReference; lastKnownFileType = sourcecode.swift; path = HabitApp.swift; sourceTree = "<group>"; };
		00693FA82C65997300F84722 /* Assets.xcassets */ = {isa = PBXFileReference; lastKnownFileType = folder.assetcatalog; path = Assets.xcassets; sourceTree = "<group>"; };
		00693FAB2C65997300F84722 /* Preview Assets.xcassets */ = {isa = PBXFileReference; lastKnownFileType = folder.assetcatalog; path = "Preview Assets.xcassets"; sourceTree = "<group>"; };
		00693FB52C659B7C00F84722 /* SplashView.swift */ = {isa = PBXFileReference; lastKnownFileType = sourcecode.swift; path = SplashView.swift; sourceTree = "<group>"; };
		00693FB72C659C2300F84722 /* SplashUIState.swift */ = {isa = PBXFileReference; lastKnownFileType = sourcecode.swift; path = SplashUIState.swift; sourceTree = "<group>"; };
		00693FBA2C65C35000F84722 /* SplashViewModel.swift */ = {isa = PBXFileReference; lastKnownFileType = sourcecode.swift; path = SplashViewModel.swift; sourceTree = "<group>"; };
		00693FC02C66639400F84722 /* SignInView.swift */ = {isa = PBXFileReference; lastKnownFileType = sourcecode.swift; path = SignInView.swift; sourceTree = "<group>"; };
		00693FC22C6663EE00F84722 /* SignInViewModel.swift */ = {isa = PBXFileReference; lastKnownFileType = sourcecode.swift; path = SignInViewModel.swift; sourceTree = "<group>"; };
		00693FC42C66654500F84722 /* SignInUIState.swift */ = {isa = PBXFileReference; lastKnownFileType = sourcecode.swift; path = SignInUIState.swift; sourceTree = "<group>"; };
		00693FC62C666F7E00F84722 /* SplashViewRouter.swift */ = {isa = PBXFileReference; lastKnownFileType = sourcecode.swift; path = SplashViewRouter.swift; sourceTree = "<group>"; };
		00929A752C6AA4DE00F67DB6 /* SignInViewRouter.swift */ = {isa = PBXFileReference; lastKnownFileType = sourcecode.swift; path = SignInViewRouter.swift; sourceTree = "<group>"; };
		00929A7B2C6AD3E500F67DB6 /* SignUpView.swift */ = {isa = PBXFileReference; lastKnownFileType = sourcecode.swift; path = SignUpView.swift; sourceTree = "<group>"; };
		00929A7D2C6AD44200F67DB6 /* SignUpViewModel.swift */ = {isa = PBXFileReference; lastKnownFileType = sourcecode.swift; path = SignUpViewModel.swift; sourceTree = "<group>"; };
		00929A812C6AEF9D00F67DB6 /* Gender.swift */ = {isa = PBXFileReference; lastKnownFileType = sourcecode.swift; path = Gender.swift; sourceTree = "<group>"; };
		00929A832C6AF7F900F67DB6 /* SignUpUIState.swift */ = {isa = PBXFileReference; lastKnownFileType = sourcecode.swift; path = SignUpUIState.swift; sourceTree = "<group>"; };
		00929A852C6AF91300F67DB6 /* SignUpViewRouter.swift */ = {isa = PBXFileReference; lastKnownFileType = sourcecode.swift; path = SignUpViewRouter.swift; sourceTree = "<group>"; };
		00929A8A2C6D112F00F67DB6 /* EditTextView.swift */ = {isa = PBXFileReference; lastKnownFileType = sourcecode.swift; path = EditTextView.swift; sourceTree = "<group>"; };
		00929A8F2C6D293B00F67DB6 /* CustomTextFieldStyle.swift */ = {isa = PBXFileReference; lastKnownFileType = sourcecode.swift; path = CustomTextFieldStyle.swift; sourceTree = "<group>"; };
		00929A942C6D3EC300F67DB6 /* String+Extension.swift */ = {isa = PBXFileReference; lastKnownFileType = sourcecode.swift; path = "String+Extension.swift"; sourceTree = "<group>"; };
		00929A962C6D465800F67DB6 /* LoadingButtonView.swift */ = {isa = PBXFileReference; lastKnownFileType = sourcecode.swift; path = LoadingButtonView.swift; sourceTree = "<group>"; };
		00929A992C6EF27200F67DB6 /* WebService.swift */ = {isa = PBXFileReference; lastKnownFileType = sourcecode.swift; path = WebService.swift; sourceTree = "<group>"; };
		00929A9B2C6FBD4300F67DB6 /* SignUpRequest.swift */ = {isa = PBXFileReference; lastKnownFileType = sourcecode.swift; path = SignUpRequest.swift; sourceTree = "<group>"; };
		00929A9D2C74F54100F67DB6 /* SignUpResponse.swift */ = {isa = PBXFileReference; lastKnownFileType = sourcecode.swift; path = SignUpResponse.swift; sourceTree = "<group>"; };
		00929A9F2C75039C00F67DB6 /* ErrorResponse.swift */ = {isa = PBXFileReference; lastKnownFileType = sourcecode.swift; path = ErrorResponse.swift; sourceTree = "<group>"; };
		00929AA12C752ADE00F67DB6 /* SignInRequest.swift */ = {isa = PBXFileReference; lastKnownFileType = sourcecode.swift; path = SignInRequest.swift; sourceTree = "<group>"; };
		00929AA32C752E2600F67DB6 /* SignInResponse.swift */ = {isa = PBXFileReference; lastKnownFileType = sourcecode.swift; path = SignInResponse.swift; sourceTree = "<group>"; };
		00929AA52C765EB600F67DB6 /* SignInErrorResponse.swift */ = {isa = PBXFileReference; lastKnownFileType = sourcecode.swift; path = SignInErrorResponse.swift; sourceTree = "<group>"; };
		00929AAC2C792B7000F67DB6 /* SignInInteractor.swift */ = {isa = PBXFileReference; lastKnownFileType = sourcecode.swift; path = SignInInteractor.swift; sourceTree = "<group>"; };
		00929AAE2C7D013000F67DB6 /* SignInRemoteDataSource.swift */ = {isa = PBXFileReference; lastKnownFileType = sourcecode.swift; path = SignInRemoteDataSource.swift; sourceTree = "<group>"; };
		00929AB42C7FCB9800F67DB6 /* AppError.swift */ = {isa = PBXFileReference; lastKnownFileType = sourcecode.swift; path = AppError.swift; sourceTree = "<group>"; };
		00929AB62C80BE1800F67DB6 /* SignUpInteractor.swift */ = {isa = PBXFileReference; lastKnownFileType = sourcecode.swift; path = SignUpInteractor.swift; sourceTree = "<group>"; };
		00929AB82C80C0E900F67DB6 /* SignUpRemoteDataSource.swift */ = {isa = PBXFileReference; lastKnownFileType = sourcecode.swift; path = SignUpRemoteDataSource.swift; sourceTree = "<group>"; };
		00929ABA2C80DF6700F67DB6 /* UserAuth.swift */ = {isa = PBXFileReference; lastKnownFileType = sourcecode.swift; path = UserAuth.swift; sourceTree = "<group>"; };
		00929ABD2C80E0C800F67DB6 /* LocalDataSource.swift */ = {isa = PBXFileReference; lastKnownFileType = sourcecode.swift; path = LocalDataSource.swift; sourceTree = "<group>"; };
		00929AC02C814E3800F67DB6 /* SplashInteractor.swift */ = {isa = PBXFileReference; lastKnownFileType = sourcecode.swift; path = SplashInteractor.swift; sourceTree = "<group>"; };
/* End PBXFileReference section */

/* Begin PBXFrameworksBuildPhase section */
		00693F9E2C65997000F84722 /* Frameworks */ = {
			isa = PBXFrameworksBuildPhase;
			buildActionMask = 2147483647;
			files = (
			);
			runOnlyForDeploymentPostprocessing = 0;
		};
/* End PBXFrameworksBuildPhase section */

/* Begin PBXGroup section */
		00196BFF2C67F40300148566 /* Home */ = {
			isa = PBXGroup;
			children = (
				00196C012C67F42000148566 /* View */,
				00196C022C67F42900148566 /* ViewModel */,
				00196C042C67F43A00148566 /* Model */,
			);
			path = Home;
			sourceTree = "<group>";
		};
		00196C012C67F42000148566 /* View */ = {
			isa = PBXGroup;
			children = (
				00196C052C67F44D00148566 /* HomeView.swift */,
			);
			path = View;
			sourceTree = "<group>";
		};
		00196C022C67F42900148566 /* ViewModel */ = {
			isa = PBXGroup;
			children = (
				00196C072C67F45C00148566 /* HomeViewModel.swift */,
			);
			name = ViewModel;
			path = Habit/Home/ViewModel;
			sourceTree = SOURCE_ROOT;
		};
		00196C042C67F43A00148566 /* Model */ = {
			isa = PBXGroup;
			children = (
				00196C092C67F4A000148566 /* HomeUIState.swift */,
			);
			path = Model;
			sourceTree = "<group>";
		};
		00693F982C65997000F84722 = {
			isa = PBXGroup;
			children = (
				00693FA32C65997000F84722 /* Habit */,
				00693FA22C65997000F84722 /* Products */,
			);
			sourceTree = "<group>";
		};
		00693FA22C65997000F84722 /* Products */ = {
			isa = PBXGroup;
			children = (
				00693FA12C65997000F84722 /* Habit.app */,
			);
			name = Products;
			sourceTree = "<group>";
		};
		00693FA32C65997000F84722 /* Habit */ = {
			isa = PBXGroup;
			children = (
				00929A7F2C6AEF8300F67DB6 /* Common */,
				00929A772C6AD3B100F67DB6 /* SignUp */,
				00196BFF2C67F40300148566 /* Home */,
				00693FBC2C6662FA00F84722 /* SignIn */,
				00693FB22C659B1800F84722 /* Splash */,
				00693FA42C65997000F84722 /* HabitApp.swift */,
				00693FA82C65997300F84722 /* Assets.xcassets */,
				00693FAA2C65997300F84722 /* Preview Content */,
			);
			path = Habit;
			sourceTree = "<group>";
		};
		00693FAA2C65997300F84722 /* Preview Content */ = {
			isa = PBXGroup;
			children = (
				00693FAB2C65997300F84722 /* Preview Assets.xcassets */,
			);
			path = "Preview Content";
			sourceTree = "<group>";
		};
		00693FB22C659B1800F84722 /* Splash */ = {
			isa = PBXGroup;
			children = (
				00929ABF2C814E2000F67DB6 /* Interactor */,
				00693FB32C659B3200F84722 /* View */,
				00693FB92C65C30C00F84722 /* ViewModel */,
				00693FB42C659B3B00F84722 /* Model */,
			);
			path = Splash;
			sourceTree = "<group>";
		};
		00693FB32C659B3200F84722 /* View */ = {
			isa = PBXGroup;
			children = (
				00693FB52C659B7C00F84722 /* SplashView.swift */,
			);
			path = View;
			sourceTree = "<group>";
		};
		00693FB42C659B3B00F84722 /* Model */ = {
			isa = PBXGroup;
			children = (
				00693FB72C659C2300F84722 /* SplashUIState.swift */,
			);
			path = Model;
			sourceTree = "<group>";
		};
		00693FB92C65C30C00F84722 /* ViewModel */ = {
			isa = PBXGroup;
			children = (
				00693FBA2C65C35000F84722 /* SplashViewModel.swift */,
				00693FC62C666F7E00F84722 /* SplashViewRouter.swift */,
			);
			path = ViewModel;
			sourceTree = "<group>";
		};
		00693FBC2C6662FA00F84722 /* SignIn */ = {
			isa = PBXGroup;
			children = (
				00929AAB2C792B5A00F67DB6 /* Interactor */,
				00693FBF2C66631600F84722 /* View */,
				00693FBE2C66630E00F84722 /* ViewModel */,
				00693FBD2C66630800F84722 /* Model */,
			);
			path = SignIn;
			sourceTree = "<group>";
		};
		00693FBD2C66630800F84722 /* Model */ = {
			isa = PBXGroup;
			children = (
				00693FC42C66654500F84722 /* SignInUIState.swift */,
				00929AA12C752ADE00F67DB6 /* SignInRequest.swift */,
				00929AA32C752E2600F67DB6 /* SignInResponse.swift */,
				00929AA52C765EB600F67DB6 /* SignInErrorResponse.swift */,
			);
			path = Model;
			sourceTree = "<group>";
		};
		00693FBE2C66630E00F84722 /* ViewModel */ = {
			isa = PBXGroup;
			children = (
				00693FC22C6663EE00F84722 /* SignInViewModel.swift */,
				00929A752C6AA4DE00F67DB6 /* SignInViewRouter.swift */,
			);
			path = ViewModel;
			sourceTree = "<group>";
		};
		00693FBF2C66631600F84722 /* View */ = {
			isa = PBXGroup;
			children = (
				00693FC02C66639400F84722 /* SignInView.swift */,
			);
			path = View;
			sourceTree = "<group>";
		};
		00929A772C6AD3B100F67DB6 /* SignUp */ = {
			isa = PBXGroup;
			children = (
				00929AB12C7FB76900F67DB6 /* Interactor */,
				00929A7A2C6AD3D400F67DB6 /* Model */,
				00929A792C6AD3CB00F67DB6 /* ViewModel */,
				00929A782C6AD3C200F67DB6 /* View */,
			);
			path = SignUp;
			sourceTree = "<group>";
		};
		00929A782C6AD3C200F67DB6 /* View */ = {
			isa = PBXGroup;
			children = (
				00929A7B2C6AD3E500F67DB6 /* SignUpView.swift */,
			);
			path = View;
			sourceTree = "<group>";
		};
		00929A792C6AD3CB00F67DB6 /* ViewModel */ = {
			isa = PBXGroup;
			children = (
				00929A7D2C6AD44200F67DB6 /* SignUpViewModel.swift */,
				00929A852C6AF91300F67DB6 /* SignUpViewRouter.swift */,
			);
			path = ViewModel;
			sourceTree = "<group>";
		};
		00929A7A2C6AD3D400F67DB6 /* Model */ = {
			isa = PBXGroup;
			children = (
				00929A832C6AF7F900F67DB6 /* SignUpUIState.swift */,
				00929A9B2C6FBD4300F67DB6 /* SignUpRequest.swift */,
				00929A9D2C74F54100F67DB6 /* SignUpResponse.swift */,
			);
			path = Model;
			sourceTree = "<group>";
		};
		00929A7F2C6AEF8300F67DB6 /* Common */ = {
			isa = PBXGroup;
			children = (
				00929A982C6EF25C00F67DB6 /* Network */,
				00929A932C6D3E9F00F67DB6 /* Lang */,
				00929A872C6D10D000F67DB6 /* View */,
				00929A802C6AEF8C00F67DB6 /* Model */,
			);
			path = Common;
			sourceTree = "<group>";
		};
		00929A802C6AEF8C00F67DB6 /* Model */ = {
			isa = PBXGroup;
			children = (
				00929A812C6AEF9D00F67DB6 /* Gender.swift */,
				00929A9F2C75039C00F67DB6 /* ErrorResponse.swift */,
				00929AB42C7FCB9800F67DB6 /* AppError.swift */,
				00929ABA2C80DF6700F67DB6 /* UserAuth.swift */,
			);
			path = Model;
			sourceTree = "<group>";
		};
		00929A872C6D10D000F67DB6 /* View */ = {
			isa = PBXGroup;
			children = (
				00929A8C2C6D277000F67DB6 /* Style */,
				00929A8A2C6D112F00F67DB6 /* EditTextView.swift */,
				00929A962C6D465800F67DB6 /* LoadingButtonView.swift */,
			);
			path = View;
			sourceTree = "<group>";
		};
		00929A8C2C6D277000F67DB6 /* Style */ = {
			isa = PBXGroup;
			children = (
				00929A8F2C6D293B00F67DB6 /* CustomTextFieldStyle.swift */,
			);
			path = Style;
			sourceTree = "<group>";
		};
		00929A932C6D3E9F00F67DB6 /* Lang */ = {
			isa = PBXGroup;
			children = (
				00929A942C6D3EC300F67DB6 /* String+Extension.swift */,
			);
			path = Lang;
			sourceTree = "<group>";
		};
		00929A982C6EF25C00F67DB6 /* Network */ = {
			isa = PBXGroup;
			children = (
				00929A992C6EF27200F67DB6 /* WebService.swift */,
				00929ABD2C80E0C800F67DB6 /* LocalDataSource.swift */,
			);
			path = Network;
			sourceTree = "<group>";
		};
		00929AAB2C792B5A00F67DB6 /* Interactor */ = {
			isa = PBXGroup;
			children = (
				00929AAE2C7D013000F67DB6 /* SignInRemoteDataSource.swift */,
				00929AAC2C792B7000F67DB6 /* SignInInteractor.swift */,
			);
			path = Interactor;
			sourceTree = "<group>";
		};
		00929AB12C7FB76900F67DB6 /* Interactor */ = {
			isa = PBXGroup;
			children = (
				00929AB62C80BE1800F67DB6 /* SignUpInteractor.swift */,
				00929AB82C80C0E900F67DB6 /* SignUpRemoteDataSource.swift */,
			);
			path = Interactor;
			sourceTree = "<group>";
		};
		00929ABF2C814E2000F67DB6 /* Interactor */ = {
			isa = PBXGroup;
			children = (
				00929AC02C814E3800F67DB6 /* SplashInteractor.swift */,
			);
			path = Interactor;
			sourceTree = "<group>";
		};
/* End PBXGroup section */

/* Begin PBXNativeTarget section */
		00693FA02C65997000F84722 /* Habit */ = {
			isa = PBXNativeTarget;
			buildConfigurationList = 00693FAF2C65997300F84722 /* Build configuration list for PBXNativeTarget "Habit" */;
			buildPhases = (
				00693F9D2C65997000F84722 /* Sources */,
				00693F9E2C65997000F84722 /* Frameworks */,
				00693F9F2C65997000F84722 /* Resources */,
			);
			buildRules = (
			);
			dependencies = (
			);
			name = Habit;
			productName = Habit;
			productReference = 00693FA12C65997000F84722 /* Habit.app */;
			productType = "com.apple.product-type.application";
		};
/* End PBXNativeTarget section */

/* Begin PBXProject section */
		00693F992C65997000F84722 /* Project object */ = {
			isa = PBXProject;
			attributes = {
				BuildIndependentTargetsInParallel = 1;
				LastSwiftUpdateCheck = 1540;
				LastUpgradeCheck = 1540;
				TargetAttributes = {
					00693FA02C65997000F84722 = {
						CreatedOnToolsVersion = 15.4;
					};
				};
			};
			buildConfigurationList = 00693F9C2C65997000F84722 /* Build configuration list for PBXProject "Habit" */;
			compatibilityVersion = "Xcode 14.0";
			developmentRegion = en;
			hasScannedForEncodings = 0;
			knownRegions = (
				en,
				Base,
			);
			mainGroup = 00693F982C65997000F84722;
			productRefGroup = 00693FA22C65997000F84722 /* Products */;
			projectDirPath = "";
			projectRoot = "";
			targets = (
				00693FA02C65997000F84722 /* Habit */,
			);
		};
/* End PBXProject section */

/* Begin PBXResourcesBuildPhase section */
		00693F9F2C65997000F84722 /* Resources */ = {
			isa = PBXResourcesBuildPhase;
			buildActionMask = 2147483647;
			files = (
				00693FAC2C65997300F84722 /* Preview Assets.xcassets in Resources */,
				00693FA92C65997300F84722 /* Assets.xcassets in Resources */,
			);
			runOnlyForDeploymentPostprocessing = 0;
		};
/* End PBXResourcesBuildPhase section */

/* Begin PBXSourcesBuildPhase section */
		00693F9D2C65997000F84722 /* Sources */ = {
			isa = PBXSourcesBuildPhase;
			buildActionMask = 2147483647;
			files = (
				00929A9A2C6EF27200F67DB6 /* WebService.swift in Sources */,
				00196C062C67F44D00148566 /* HomeView.swift in Sources */,
				00929AB72C80BE1800F67DB6 /* SignUpInteractor.swift in Sources */,
				00929A952C6D3EC300F67DB6 /* String+Extension.swift in Sources */,
				00929A972C6D465800F67DB6 /* LoadingButtonView.swift in Sources */,
				00929A9E2C74F54100F67DB6 /* SignUpResponse.swift in Sources */,
				00929AA02C75039C00F67DB6 /* ErrorResponse.swift in Sources */,
				00929AAD2C792B7000F67DB6 /* SignInInteractor.swift in Sources */,
				00693FC72C666F7E00F84722 /* SplashViewRouter.swift in Sources */,
				00693FA52C65997000F84722 /* HabitApp.swift in Sources */,
				00929ABE2C80E0C800F67DB6 /* LocalDataSource.swift in Sources */,
				00196C082C67F45C00148566 /* HomeViewModel.swift in Sources */,
				00929AA62C765EB600F67DB6 /* SignInErrorResponse.swift in Sources */,
				00196C0A2C67F4A000148566 /* HomeUIState.swift in Sources */,
				00929A842C6AF7F900F67DB6 /* SignUpUIState.swift in Sources */,
				00929ABB2C80DF6700F67DB6 /* UserAuth.swift in Sources */,
				00693FB62C659B7C00F84722 /* SplashView.swift in Sources */,
				00929A822C6AEF9D00F67DB6 /* Gender.swift in Sources */,
				00929AA22C752ADE00F67DB6 /* SignInRequest.swift in Sources */,
				00929AAF2C7D013000F67DB6 /* SignInRemoteDataSource.swift in Sources */,
				00929A7E2C6AD44200F67DB6 /* SignUpViewModel.swift in Sources */,
				00693FC32C6663EE00F84722 /* SignInViewModel.swift in Sources */,
				00929AB92C80C0E900F67DB6 /* SignUpRemoteDataSource.swift in Sources */,
				00929A902C6D293B00F67DB6 /* CustomTextFieldStyle.swift in Sources */,
				00929AB52C7FCB9800F67DB6 /* AppError.swift in Sources */,
				00693FC52C66654500F84722 /* SignInUIState.swift in Sources */,
				00929A7C2C6AD3E500F67DB6 /* SignUpView.swift in Sources */,
				00693FB82C659C2300F84722 /* SplashUIState.swift in Sources */,
				00929A762C6AA4DE00F67DB6 /* SignInViewRouter.swift in Sources */,
				00929A9C2C6FBD4300F67DB6 /* SignUpRequest.swift in Sources */,
				00693FC12C66639400F84722 /* SignInView.swift in Sources */,
				00929AC12C814E3800F67DB6 /* SplashInteractor.swift in Sources */,
				00929A8B2C6D112F00F67DB6 /* EditTextView.swift in Sources */,
				00929AA42C752E2600F67DB6 /* SignInResponse.swift in Sources */,
				00693FBB2C65C35000F84722 /* SplashViewModel.swift in Sources */,
				00929A862C6AF91300F67DB6 /* SignUpViewRouter.swift in Sources */,
			);
			runOnlyForDeploymentPostprocessing = 0;
		};
/* End PBXSourcesBuildPhase section */

/* Begin XCBuildConfiguration section */
		00693FAD2C65997300F84722 /* Debug */ = {
			isa = XCBuildConfiguration;
			buildSettings = {
				ALWAYS_SEARCH_USER_PATHS = NO;
				ASSETCATALOG_COMPILER_GENERATE_SWIFT_ASSET_SYMBOL_EXTENSIONS = YES;
				CLANG_ANALYZER_NONNULL = YES;
				CLANG_ANALYZER_NUMBER_OBJECT_CONVERSION = YES_AGGRESSIVE;
				CLANG_CXX_LANGUAGE_STANDARD = "gnu++20";
				CLANG_ENABLE_MODULES = YES;
				CLANG_ENABLE_OBJC_ARC = YES;
				CLANG_ENABLE_OBJC_WEAK = YES;
				CLANG_WARN_BLOCK_CAPTURE_AUTORELEASING = YES;
				CLANG_WARN_BOOL_CONVERSION = YES;
				CLANG_WARN_COMMA = YES;
				CLANG_WARN_CONSTANT_CONVERSION = YES;
				CLANG_WARN_DEPRECATED_OBJC_IMPLEMENTATIONS = YES;
				CLANG_WARN_DIRECT_OBJC_ISA_USAGE = YES_ERROR;
				CLANG_WARN_DOCUMENTATION_COMMENTS = YES;
				CLANG_WARN_EMPTY_BODY = YES;
				CLANG_WARN_ENUM_CONVERSION = YES;
				CLANG_WARN_INFINITE_RECURSION = YES;
				CLANG_WARN_INT_CONVERSION = YES;
				CLANG_WARN_NON_LITERAL_NULL_CONVERSION = YES;
				CLANG_WARN_OBJC_IMPLICIT_RETAIN_SELF = YES;
				CLANG_WARN_OBJC_LITERAL_CONVERSION = YES;
				CLANG_WARN_OBJC_ROOT_CLASS = YES_ERROR;
				CLANG_WARN_QUOTED_INCLUDE_IN_FRAMEWORK_HEADER = YES;
				CLANG_WARN_RANGE_LOOP_ANALYSIS = YES;
				CLANG_WARN_STRICT_PROTOTYPES = YES;
				CLANG_WARN_SUSPICIOUS_MOVE = YES;
				CLANG_WARN_UNGUARDED_AVAILABILITY = YES_AGGRESSIVE;
				CLANG_WARN_UNREACHABLE_CODE = YES;
				CLANG_WARN__DUPLICATE_METHOD_MATCH = YES;
				COPY_PHASE_STRIP = NO;
				DEBUG_INFORMATION_FORMAT = dwarf;
				ENABLE_STRICT_OBJC_MSGSEND = YES;
				ENABLE_TESTABILITY = YES;
				ENABLE_USER_SCRIPT_SANDBOXING = YES;
				GCC_C_LANGUAGE_STANDARD = gnu17;
				GCC_DYNAMIC_NO_PIC = NO;
				GCC_NO_COMMON_BLOCKS = YES;
				GCC_OPTIMIZATION_LEVEL = 0;
				GCC_PREPROCESSOR_DEFINITIONS = (
					"DEBUG=1",
					"$(inherited)",
				);
				GCC_WARN_64_TO_32_BIT_CONVERSION = YES;
				GCC_WARN_ABOUT_RETURN_TYPE = YES_ERROR;
				GCC_WARN_UNDECLARED_SELECTOR = YES;
				GCC_WARN_UNINITIALIZED_AUTOS = YES_AGGRESSIVE;
				GCC_WARN_UNUSED_FUNCTION = YES;
				GCC_WARN_UNUSED_VARIABLE = YES;
				IPHONEOS_DEPLOYMENT_TARGET = 14.0;
				LOCALIZATION_PREFERS_STRING_CATALOGS = YES;
				MTL_ENABLE_DEBUG_INFO = INCLUDE_SOURCE;
				MTL_FAST_MATH = YES;
				ONLY_ACTIVE_ARCH = YES;
				SDKROOT = iphoneos;
				SWIFT_ACTIVE_COMPILATION_CONDITIONS = "DEBUG $(inherited)";
				SWIFT_OPTIMIZATION_LEVEL = "-Onone";
			};
			name = Debug;
		};
		00693FAE2C65997300F84722 /* Release */ = {
			isa = XCBuildConfiguration;
			buildSettings = {
				ALWAYS_SEARCH_USER_PATHS = NO;
				ASSETCATALOG_COMPILER_GENERATE_SWIFT_ASSET_SYMBOL_EXTENSIONS = YES;
				CLANG_ANALYZER_NONNULL = YES;
				CLANG_ANALYZER_NUMBER_OBJECT_CONVERSION = YES_AGGRESSIVE;
				CLANG_CXX_LANGUAGE_STANDARD = "gnu++20";
				CLANG_ENABLE_MODULES = YES;
				CLANG_ENABLE_OBJC_ARC = YES;
				CLANG_ENABLE_OBJC_WEAK = YES;
				CLANG_WARN_BLOCK_CAPTURE_AUTORELEASING = YES;
				CLANG_WARN_BOOL_CONVERSION = YES;
				CLANG_WARN_COMMA = YES;
				CLANG_WARN_CONSTANT_CONVERSION = YES;
				CLANG_WARN_DEPRECATED_OBJC_IMPLEMENTATIONS = YES;
				CLANG_WARN_DIRECT_OBJC_ISA_USAGE = YES_ERROR;
				CLANG_WARN_DOCUMENTATION_COMMENTS = YES;
				CLANG_WARN_EMPTY_BODY = YES;
				CLANG_WARN_ENUM_CONVERSION = YES;
				CLANG_WARN_INFINITE_RECURSION = YES;
				CLANG_WARN_INT_CONVERSION = YES;
				CLANG_WARN_NON_LITERAL_NULL_CONVERSION = YES;
				CLANG_WARN_OBJC_IMPLICIT_RETAIN_SELF = YES;
				CLANG_WARN_OBJC_LITERAL_CONVERSION = YES;
				CLANG_WARN_OBJC_ROOT_CLASS = YES_ERROR;
				CLANG_WARN_QUOTED_INCLUDE_IN_FRAMEWORK_HEADER = YES;
				CLANG_WARN_RANGE_LOOP_ANALYSIS = YES;
				CLANG_WARN_STRICT_PROTOTYPES = YES;
				CLANG_WARN_SUSPICIOUS_MOVE = YES;
				CLANG_WARN_UNGUARDED_AVAILABILITY = YES_AGGRESSIVE;
				CLANG_WARN_UNREACHABLE_CODE = YES;
				CLANG_WARN__DUPLICATE_METHOD_MATCH = YES;
				COPY_PHASE_STRIP = NO;
				DEBUG_INFORMATION_FORMAT = "dwarf-with-dsym";
				ENABLE_NS_ASSERTIONS = NO;
				ENABLE_STRICT_OBJC_MSGSEND = YES;
				ENABLE_USER_SCRIPT_SANDBOXING = YES;
				GCC_C_LANGUAGE_STANDARD = gnu17;
				GCC_NO_COMMON_BLOCKS = YES;
				GCC_WARN_64_TO_32_BIT_CONVERSION = YES;
				GCC_WARN_ABOUT_RETURN_TYPE = YES_ERROR;
				GCC_WARN_UNDECLARED_SELECTOR = YES;
				GCC_WARN_UNINITIALIZED_AUTOS = YES_AGGRESSIVE;
				GCC_WARN_UNUSED_FUNCTION = YES;
				GCC_WARN_UNUSED_VARIABLE = YES;
				IPHONEOS_DEPLOYMENT_TARGET = 14.0;
				LOCALIZATION_PREFERS_STRING_CATALOGS = YES;
				MTL_ENABLE_DEBUG_INFO = NO;
				MTL_FAST_MATH = YES;
				SDKROOT = iphoneos;
				SWIFT_COMPILATION_MODE = wholemodule;
				VALIDATE_PRODUCT = YES;
			};
			name = Release;
		};
		00693FB02C65997300F84722 /* Debug */ = {
			isa = XCBuildConfiguration;
			buildSettings = {
				ASSETCATALOG_COMPILER_APPICON_NAME = AppIcon;
				ASSETCATALOG_COMPILER_GLOBAL_ACCENT_COLOR_NAME = AccentColor;
				CODE_SIGN_STYLE = Automatic;
				CURRENT_PROJECT_VERSION = 1;
				DEVELOPMENT_ASSET_PATHS = "\"Habit/Preview Content\"";
				DEVELOPMENT_TEAM = X6Y7942L8K;
				ENABLE_PREVIEWS = YES;
				GENERATE_INFOPLIST_FILE = YES;
				INFOPLIST_KEY_UIApplicationSceneManifest_Generation = YES;
				INFOPLIST_KEY_UIApplicationSupportsIndirectInputEvents = YES;
				INFOPLIST_KEY_UILaunchScreen_Generation = YES;
				INFOPLIST_KEY_UISupportedInterfaceOrientations_iPad = "UIInterfaceOrientationPortrait UIInterfaceOrientationPortraitUpsideDown UIInterfaceOrientationLandscapeLeft UIInterfaceOrientationLandscapeRight";
				INFOPLIST_KEY_UISupportedInterfaceOrientations_iPhone = "UIInterfaceOrientationPortrait UIInterfaceOrientationLandscapeLeft UIInterfaceOrientationLandscapeRight";
				IPHONEOS_DEPLOYMENT_TARGET = 14.0;
				LD_RUNPATH_SEARCH_PATHS = (
					"$(inherited)",
					"@executable_path/Frameworks",
				);
				MARKETING_VERSION = 1.0;
				PRODUCT_BUNDLE_IDENTIFIER = lfc.Habit;
				PRODUCT_NAME = "$(TARGET_NAME)";
				SWIFT_EMIT_LOC_STRINGS = YES;
				SWIFT_VERSION = 5.0;
				TARGETED_DEVICE_FAMILY = "1,2";
			};
			name = Debug;
		};
		00693FB12C65997300F84722 /* Release */ = {
			isa = XCBuildConfiguration;
			buildSettings = {
				ASSETCATALOG_COMPILER_APPICON_NAME = AppIcon;
				ASSETCATALOG_COMPILER_GLOBAL_ACCENT_COLOR_NAME = AccentColor;
				CODE_SIGN_STYLE = Automatic;
				CURRENT_PROJECT_VERSION = 1;
				DEVELOPMENT_ASSET_PATHS = "\"Habit/Preview Content\"";
				DEVELOPMENT_TEAM = X6Y7942L8K;
				ENABLE_PREVIEWS = YES;
				GENERATE_INFOPLIST_FILE = YES;
				INFOPLIST_KEY_UIApplicationSceneManifest_Generation = YES;
				INFOPLIST_KEY_UIApplicationSupportsIndirectInputEvents = YES;
				INFOPLIST_KEY_UILaunchScreen_Generation = YES;
				INFOPLIST_KEY_UISupportedInterfaceOrientations_iPad = "UIInterfaceOrientationPortrait UIInterfaceOrientationPortraitUpsideDown UIInterfaceOrientationLandscapeLeft UIInterfaceOrientationLandscapeRight";
				INFOPLIST_KEY_UISupportedInterfaceOrientations_iPhone = "UIInterfaceOrientationPortrait UIInterfaceOrientationLandscapeLeft UIInterfaceOrientationLandscapeRight";
				IPHONEOS_DEPLOYMENT_TARGET = 14.0;
				LD_RUNPATH_SEARCH_PATHS = (
					"$(inherited)",
					"@executable_path/Frameworks",
				);
				MARKETING_VERSION = 1.0;
				PRODUCT_BUNDLE_IDENTIFIER = lfc.Habit;
				PRODUCT_NAME = "$(TARGET_NAME)";
				SWIFT_EMIT_LOC_STRINGS = YES;
				SWIFT_VERSION = 5.0;
				TARGETED_DEVICE_FAMILY = "1,2";
			};
			name = Release;
		};
/* End XCBuildConfiguration section */

/* Begin XCConfigurationList section */
		00693F9C2C65997000F84722 /* Build configuration list for PBXProject "Habit" */ = {
			isa = XCConfigurationList;
			buildConfigurations = (
				00693FAD2C65997300F84722 /* Debug */,
				00693FAE2C65997300F84722 /* Release */,
			);
			defaultConfigurationIsVisible = 0;
			defaultConfigurationName = Release;
		};
		00693FAF2C65997300F84722 /* Build configuration list for PBXNativeTarget "Habit" */ = {
			isa = XCConfigurationList;
			buildConfigurations = (
				00693FB02C65997300F84722 /* Debug */,
				00693FB12C65997300F84722 /* Release */,
			);
			defaultConfigurationIsVisible = 0;
			defaultConfigurationName = Release;
		};
/* End XCConfigurationList section */
	};
	rootObject = 00693F992C65997000F84722 /* Project object */;
}
